
Microsoft Visual Studio Solution File, Format Version 12.00
# Visual Studio Version 16
VisualStudioVersion = 16.0.31105.61
MinimumVisualStudioVersion = 10.0.40219.1
Project("{888888A0-9F3D-457C-B088-3A5042F75D52}") = "Fake News Detection", "Fake News Detection.pyproj", "{1B3A1820-6CAB-4F33-90A7-FDE359BC5E93}"
EndProject
Global
	GlobalSection(SolutionConfigurationPlatforms) = preSolution
		Debug|Any CPU = Debug|Any CPU
		Release|Any CPU = Release|Any CPU
	EndGlobalSection
	GlobalSection(ProjectConfigurationPlatforms) = postSolution
		{1B3A1820-6CAB-4F33-90A7-FDE359BC5E93}.Debug|Any CPU.ActiveCfg = Debug|Any CPU
		{1B3A1820-6CAB-4F33-90A7-FDE359BC5E93}.Debug|Any CPU.Build.0 = Debug|Any CPU
		{1B3A1820-6CAB-4F33-90A7-FDE359BC5E93}.Release|Any CPU.ActiveCfg = Release|Any CPU
		{1B3A1820-6CAB-4F33-90A7-FDE359BC5E93}.Release|Any CPU.Build.0 = Release|Any CPU
	EndGlobalSection
	GlobalSection(SolutionProperties) = preSolution
		HideSolutionNode = FALSE
	EndGlobalSection
	GlobalSection(ExtensibilityGlobals) = postSolution
		SolutionGuid = {0EF44897-15EE-486C-BDB6-F9E279309FD5}
	EndGlobalSection
EndGlobal
